// !$*UTF8*$!
{
	archiveVersion = 1;
	classes = {
	};
	objectVersion = 56;
	objects = {

/* Begin PBXBuildFile section */
		A43977442A7AB80500D772A3 /* Category.swift in Sources */ = {isa = PBXBuildFile; fileRef = A43977432A7AB80500D772A3 /* Category.swift */; };
		A43977472A7AB82B00D772A3 /* Realm in Frameworks */ = {isa = PBXBuildFile; productRef = A43977462A7AB82B00D772A3 /* Realm */; };
		A43977492A7AB82B00D772A3 /* RealmSwift in Frameworks */ = {isa = PBXBuildFile; productRef = A43977482A7AB82B00D772A3 /* RealmSwift */; };
		A454B9642A759E3800E6AE25 /* AppDelegate.swift in Sources */ = {isa = PBXBuildFile; fileRef = A454B9632A759E3800E6AE25 /* AppDelegate.swift */; };
		A454B9662A759E3800E6AE25 /* SceneDelegate.swift in Sources */ = {isa = PBXBuildFile; fileRef = A454B9652A759E3800E6AE25 /* SceneDelegate.swift */; };
		A454B9682A759E3800E6AE25 /* MainViewController.swift in Sources */ = {isa = PBXBuildFile; fileRef = A454B9672A759E3800E6AE25 /* MainViewController.swift */; };
		A454B96D2A759E3900E6AE25 /* Assets.xcassets in Resources */ = {isa = PBXBuildFile; fileRef = A454B96C2A759E3900E6AE25 /* Assets.xcassets */; };
		A454B9702A759E3900E6AE25 /* LaunchScreen.storyboard in Resources */ = {isa = PBXBuildFile; fileRef = A454B96E2A759E3900E6AE25 /* LaunchScreen.storyboard */; };
		A46EFDE32A75C48D003F8738 /* MainTableViewCell.swift in Sources */ = {isa = PBXBuildFile; fileRef = A46EFDE22A75C48D003F8738 /* MainTableViewCell.swift */; };
		A46EFDEA2A75C812003F8738 /* SnapKit in Frameworks */ = {isa = PBXBuildFile; productRef = A46EFDE92A75C812003F8738 /* SnapKit */; };
		A4BEC7542A8D42C500DBACB6 /* ItemViewController.swift in Sources */ = {isa = PBXBuildFile; fileRef = A4BEC7532A8D42C500DBACB6 /* ItemViewController.swift */; };
		A4BEC7562A8D430100DBACB6 /* Item.swift in Sources */ = {isa = PBXBuildFile; fileRef = A4BEC7552A8D430100DBACB6 /* Item.swift */; };
		A4BEC7582A8D468500DBACB6 /* ItemTablewViewCell.swift in Sources */ = {isa = PBXBuildFile; fileRef = A4BEC7572A8D468500DBACB6 /* ItemTablewViewCell.swift */; };
		A4F17A582A91347800F40FCB /* EmptyStateView.swift in Sources */ = {isa = PBXBuildFile; fileRef = A4F17A572A91347800F40FCB /* EmptyStateView.swift */; };
		A4F17A5A2A9151ED00F40FCB /* Button.swift in Sources */ = {isa = PBXBuildFile; fileRef = A4F17A592A9151ED00F40FCB /* Button.swift */; };
		A4F17A5C2A9153C100F40FCB /* View.swift in Sources */ = {isa = PBXBuildFile; fileRef = A4F17A5B2A9153C100F40FCB /* View.swift */; };
		A4F17A5E2A91556B00F40FCB /* Label.swift in Sources */ = {isa = PBXBuildFile; fileRef = A4F17A5D2A91556B00F40FCB /* Label.swift */; };
/* End PBXBuildFile section */

/* Begin PBXFileReference section */
		A43977432A7AB80500D772A3 /* Category.swift */ = {isa = PBXFileReference; lastKnownFileType = sourcecode.swift; path = Category.swift; sourceTree = "<group>"; };
		A454B9602A759E3800E6AE25 /* DailyPlanner.app */ = {isa = PBXFileReference; explicitFileType = wrapper.application; includeInIndex = 0; path = DailyPlanner.app; sourceTree = BUILT_PRODUCTS_DIR; };
		A454B9632A759E3800E6AE25 /* AppDelegate.swift */ = {isa = PBXFileReference; lastKnownFileType = sourcecode.swift; path = AppDelegate.swift; sourceTree = "<group>"; };
		A454B9652A759E3800E6AE25 /* SceneDelegate.swift */ = {isa = PBXFileReference; lastKnownFileType = sourcecode.swift; path = SceneDelegate.swift; sourceTree = "<group>"; };
		A454B9672A759E3800E6AE25 /* MainViewController.swift */ = {isa = PBXFileReference; lastKnownFileType = sourcecode.swift; path = MainViewController.swift; sourceTree = "<group>"; };
		A454B96C2A759E3900E6AE25 /* Assets.xcassets */ = {isa = PBXFileReference; lastKnownFileType = folder.assetcatalog; path = Assets.xcassets; sourceTree = "<group>"; };
		A454B96F2A759E3900E6AE25 /* Base */ = {isa = PBXFileReference; lastKnownFileType = file.storyboard; name = Base; path = Base.lproj/LaunchScreen.storyboard; sourceTree = "<group>"; };
		A454B9712A759E3900E6AE25 /* Info.plist */ = {isa = PBXFileReference; lastKnownFileType = text.plist.xml; path = Info.plist; sourceTree = "<group>"; };
		A46EFDE22A75C48D003F8738 /* MainTableViewCell.swift */ = {isa = PBXFileReference; lastKnownFileType = sourcecode.swift; path = MainTableViewCell.swift; sourceTree = "<group>"; };
		A4BEC7532A8D42C500DBACB6 /* ItemViewController.swift */ = {isa = PBXFileReference; lastKnownFileType = sourcecode.swift; path = ItemViewController.swift; sourceTree = "<group>"; };
		A4BEC7552A8D430100DBACB6 /* Item.swift */ = {isa = PBXFileReference; lastKnownFileType = sourcecode.swift; path = Item.swift; sourceTree = "<group>"; };
		A4BEC7572A8D468500DBACB6 /* ItemTablewViewCell.swift */ = {isa = PBXFileReference; lastKnownFileType = sourcecode.swift; path = ItemTablewViewCell.swift; sourceTree = "<group>"; };
		A4F17A572A91347800F40FCB /* EmptyStateView.swift */ = {isa = PBXFileReference; lastKnownFileType = sourcecode.swift; path = EmptyStateView.swift; sourceTree = "<group>"; };
		A4F17A592A9151ED00F40FCB /* Button.swift */ = {isa = PBXFileReference; lastKnownFileType = sourcecode.swift; path = Button.swift; sourceTree = "<group>"; };
		A4F17A5B2A9153C100F40FCB /* View.swift */ = {isa = PBXFileReference; lastKnownFileType = sourcecode.swift; path = View.swift; sourceTree = "<group>"; };
		A4F17A5D2A91556B00F40FCB /* Label.swift */ = {isa = PBXFileReference; lastKnownFileType = sourcecode.swift; path = Label.swift; sourceTree = "<group>"; };
/* End PBXFileReference section */

/* Begin PBXFrameworksBuildPhase section */
		A454B95D2A759E3800E6AE25 /* Frameworks */ = {
			isa = PBXFrameworksBuildPhase;
			buildActionMask = 2147483647;
			files = (
				A43977492A7AB82B00D772A3 /* RealmSwift in Frameworks */,
				A43977472A7AB82B00D772A3 /* Realm in Frameworks */,
				A46EFDEA2A75C812003F8738 /* SnapKit in Frameworks */,
			);
			runOnlyForDeploymentPostprocessing = 0;
		};
/* End PBXFrameworksBuildPhase section */

/* Begin PBXGroup section */
		A43977422A7AB7F600D772A3 /* Models */ = {
			isa = PBXGroup;
			children = (
				A43977432A7AB80500D772A3 /* Category.swift */,
				A4BEC7552A8D430100DBACB6 /* Item.swift */,
			);
			path = Models;
			sourceTree = "<group>";
		};
		A454B9572A759E3800E6AE25 = {
			isa = PBXGroup;
			children = (
				A454B9622A759E3800E6AE25 /* DailyPlanner */,
				A454B9612A759E3800E6AE25 /* Products */,
			);
			sourceTree = "<group>";
		};
		A454B9612A759E3800E6AE25 /* Products */ = {
			isa = PBXGroup;
			children = (
				A454B9602A759E3800E6AE25 /* DailyPlanner.app */,
			);
			name = Products;
			sourceTree = "<group>";
		};
		A454B9622A759E3800E6AE25 /* DailyPlanner */ = {
			isa = PBXGroup;
			children = (
				A46EFDE72A75C4E8003F8738 /* App */,
				A4F17A542A9131E800F40FCB /* Custom Views */,
				A43977422A7AB7F600D772A3 /* Models */,
				A46EFDE42A75C492003F8738 /* Controllers */,
				A454B96E2A759E3900E6AE25 /* LaunchScreen.storyboard */,
				A454B9712A759E3900E6AE25 /* Info.plist */,
			);
			path = DailyPlanner;
			sourceTree = "<group>";
		};
		A46EFDE42A75C492003F8738 /* Controllers */ = {
			isa = PBXGroup;
			children = (
				A4BEC7512A8D429200DBACB6 /* Items */,
				A46EFDE52A75C4C9003F8738 /* Main */,
			);
			path = Controllers;
			sourceTree = "<group>";
		};
		A46EFDE52A75C4C9003F8738 /* Main */ = {
			isa = PBXGroup;
			children = (
				A46EFDE62A75C4D8003F8738 /* Cell */,
				A454B9672A759E3800E6AE25 /* MainViewController.swift */,
			);
			path = Main;
			sourceTree = "<group>";
		};
		A46EFDE62A75C4D8003F8738 /* Cell */ = {
			isa = PBXGroup;
			children = (
				A46EFDE22A75C48D003F8738 /* MainTableViewCell.swift */,
			);
			path = Cell;
			sourceTree = "<group>";
		};
		A46EFDE72A75C4E8003F8738 /* App */ = {
			isa = PBXGroup;
			children = (
				A454B9632A759E3800E6AE25 /* AppDelegate.swift */,
				A454B9652A759E3800E6AE25 /* SceneDelegate.swift */,
				A454B96C2A759E3900E6AE25 /* Assets.xcassets */,
			);
			path = App;
			sourceTree = "<group>";
		};
		A4BEC7512A8D429200DBACB6 /* Items */ = {
			isa = PBXGroup;
			children = (
				A4BEC7522A8D42AB00DBACB6 /* Cell */,
				A4BEC7532A8D42C500DBACB6 /* ItemViewController.swift */,
			);
			path = Items;
			sourceTree = "<group>";
		};
		A4BEC7522A8D42AB00DBACB6 /* Cell */ = {
			isa = PBXGroup;
			children = (
				A4BEC7572A8D468500DBACB6 /* ItemTablewViewCell.swift */,
			);
			path = Cell;
			sourceTree = "<group>";
		};
		A4F17A542A9131E800F40FCB /* Custom Views */ = {
			isa = PBXGroup;
			children = (
				A4F17A572A91347800F40FCB /* EmptyStateView.swift */,
				A4F17A592A9151ED00F40FCB /* Button.swift */,
				A4F17A5B2A9153C100F40FCB /* View.swift */,
				A4F17A5D2A91556B00F40FCB /* Label.swift */,
			);
			path = "Custom Views";
			sourceTree = "<group>";
		};
/* End PBXGroup section */

/* Begin PBXNativeTarget section */
		A454B95F2A759E3800E6AE25 /* DailyPlanner */ = {
			isa = PBXNativeTarget;
			buildConfigurationList = A454B9742A759E3900E6AE25 /* Build configuration list for PBXNativeTarget "DailyPlanner" */;
			buildPhases = (
				A454B95C2A759E3800E6AE25 /* Sources */,
				A454B95D2A759E3800E6AE25 /* Frameworks */,
				A454B95E2A759E3800E6AE25 /* Resources */,
			);
			buildRules = (
			);
			dependencies = (
			);
			name = DailyPlanner;
			packageProductDependencies = (
				A46EFDE92A75C812003F8738 /* SnapKit */,
				A43977462A7AB82B00D772A3 /* Realm */,
				A43977482A7AB82B00D772A3 /* RealmSwift */,
			);
			productName = DailyPlanner;
			productReference = A454B9602A759E3800E6AE25 /* DailyPlanner.app */;
			productType = "com.apple.product-type.application";
		};
/* End PBXNativeTarget section */

/* Begin PBXProject section */
		A454B9582A759E3800E6AE25 /* Project object */ = {
			isa = PBXProject;
			attributes = {
				BuildIndependentTargetsInParallel = 1;
				LastSwiftUpdateCheck = 1430;
				LastUpgradeCheck = 1430;
				TargetAttributes = {
					A454B95F2A759E3800E6AE25 = {
						CreatedOnToolsVersion = 14.3.1;
					};
				};
			};
			buildConfigurationList = A454B95B2A759E3800E6AE25 /* Build configuration list for PBXProject "DailyPlanner" */;
			compatibilityVersion = "Xcode 14.0";
			developmentRegion = en;
			hasScannedForEncodings = 0;
			knownRegions = (
				en,
				Base,
			);
			mainGroup = A454B9572A759E3800E6AE25;
			packageReferences = (
				A46EFDE82A75C812003F8738 /* XCRemoteSwiftPackageReference "SnapKit" */,
				A43977452A7AB82B00D772A3 /* XCRemoteSwiftPackageReference "realm-swift" */,
			);
			productRefGroup = A454B9612A759E3800E6AE25 /* Products */;
			projectDirPath = "";
			projectRoot = "";
			targets = (
				A454B95F2A759E3800E6AE25 /* DailyPlanner */,
			);
		};
/* End PBXProject section */

/* Begin PBXResourcesBuildPhase section */
		A454B95E2A759E3800E6AE25 /* Resources */ = {
			isa = PBXResourcesBuildPhase;
			buildActionMask = 2147483647;
			files = (
				A454B9702A759E3900E6AE25 /* LaunchScreen.storyboard in Resources */,
				A454B96D2A759E3900E6AE25 /* Assets.xcassets in Resources */,
			);
			runOnlyForDeploymentPostprocessing = 0;
		};
/* End PBXResourcesBuildPhase section */

/* Begin PBXSourcesBuildPhase section */
		A454B95C2A759E3800E6AE25 /* Sources */ = {
			isa = PBXSourcesBuildPhase;
			buildActionMask = 2147483647;
			files = (
				A4F17A582A91347800F40FCB /* EmptyStateView.swift in Sources */,
				A454B9682A759E3800E6AE25 /* MainViewController.swift in Sources */,
				A4F17A5E2A91556B00F40FCB /* Label.swift in Sources */,
				A43977442A7AB80500D772A3 /* Category.swift in Sources */,
				A454B9642A759E3800E6AE25 /* AppDelegate.swift in Sources */,
				A46EFDE32A75C48D003F8738 /* MainTableViewCell.swift in Sources */,
				A4F17A5A2A9151ED00F40FCB /* Button.swift in Sources */,
				A4BEC7582A8D468500DBACB6 /* ItemTablewViewCell.swift in Sources */,
				A4BEC7562A8D430100DBACB6 /* Item.swift in Sources */,
				A454B9662A759E3800E6AE25 /* SceneDelegate.swift in Sources */,
				A4F17A5C2A9153C100F40FCB /* View.swift in Sources */,
				A4BEC7542A8D42C500DBACB6 /* ItemViewController.swift in Sources */,
			);
			runOnlyForDeploymentPostprocessing = 0;
		};
/* End PBXSourcesBuildPhase section */

/* Begin PBXVariantGroup section */
		A454B96E2A759E3900E6AE25 /* LaunchScreen.storyboard */ = {
			isa = PBXVariantGroup;
			children = (
				A454B96F2A759E3900E6AE25 /* Base */,
			);
			name = LaunchScreen.storyboard;
			sourceTree = "<group>";
		};
/* End PBXVariantGroup section */

/* Begin XCBuildConfiguration section */
		A454B9722A759E3900E6AE25 /* Debug */ = {
			isa = XCBuildConfiguration;
			buildSettings = {
				ALWAYS_SEARCH_USER_PATHS = NO;
				CLANG_ANALYZER_NONNULL = YES;
				CLANG_ANALYZER_NUMBER_OBJECT_CONVERSION = YES_AGGRESSIVE;
				CLANG_CXX_LANGUAGE_STANDARD = "gnu++20";
				CLANG_ENABLE_MODULES = YES;
				CLANG_ENABLE_OBJC_ARC = YES;
				CLANG_ENABLE_OBJC_WEAK = YES;
				CLANG_WARN_BLOCK_CAPTURE_AUTORELEASING = YES;
				CLANG_WARN_BOOL_CONVERSION = YES;
				CLANG_WARN_COMMA = YES;
				CLANG_WARN_CONSTANT_CONVERSION = YES;
				CLANG_WARN_DEPRECATED_OBJC_IMPLEMENTATIONS = YES;
				CLANG_WARN_DIRECT_OBJC_ISA_USAGE = YES_ERROR;
				CLANG_WARN_DOCUMENTATION_COMMENTS = YES;
				CLANG_WARN_EMPTY_BODY = YES;
				CLANG_WARN_ENUM_CONVERSION = YES;
				CLANG_WARN_INFINITE_RECURSION = YES;
				CLANG_WARN_INT_CONVERSION = YES;
				CLANG_WARN_NON_LITERAL_NULL_CONVERSION = YES;
				CLANG_WARN_OBJC_IMPLICIT_RETAIN_SELF = YES;
				CLANG_WARN_OBJC_LITERAL_CONVERSION = YES;
				CLANG_WARN_OBJC_ROOT_CLASS = YES_ERROR;
				CLANG_WARN_QUOTED_INCLUDE_IN_FRAMEWORK_HEADER = YES;
				CLANG_WARN_RANGE_LOOP_ANALYSIS = YES;
				CLANG_WARN_STRICT_PROTOTYPES = YES;
				CLANG_WARN_SUSPICIOUS_MOVE = YES;
				CLANG_WARN_UNGUARDED_AVAILABILITY = YES_AGGRESSIVE;
				CLANG_WARN_UNREACHABLE_CODE = YES;
				CLANG_WARN__DUPLICATE_METHOD_MATCH = YES;
				COPY_PHASE_STRIP = NO;
				DEBUG_INFORMATION_FORMAT = dwarf;
				ENABLE_STRICT_OBJC_MSGSEND = YES;
				ENABLE_TESTABILITY = YES;
				GCC_C_LANGUAGE_STANDARD = gnu11;
				GCC_DYNAMIC_NO_PIC = NO;
				GCC_NO_COMMON_BLOCKS = YES;
				GCC_OPTIMIZATION_LEVEL = 0;
				GCC_PREPROCESSOR_DEFINITIONS = (
					"DEBUG=1",
					"$(inherited)",
				);
				GCC_WARN_64_TO_32_BIT_CONVERSION = YES;
				GCC_WARN_ABOUT_RETURN_TYPE = YES_ERROR;
				GCC_WARN_UNDECLARED_SELECTOR = YES;
				GCC_WARN_UNINITIALIZED_AUTOS = YES_AGGRESSIVE;
				GCC_WARN_UNUSED_FUNCTION = YES;
				GCC_WARN_UNUSED_VARIABLE = YES;
				IPHONEOS_DEPLOYMENT_TARGET = 16.4;
				MTL_ENABLE_DEBUG_INFO = INCLUDE_SOURCE;
				MTL_FAST_MATH = YES;
				ONLY_ACTIVE_ARCH = YES;
				SDKROOT = iphoneos;
				SWIFT_ACTIVE_COMPILATION_CONDITIONS = DEBUG;
				SWIFT_OPTIMIZATION_LEVEL = "-Onone";
			};
			name = Debug;
		};
		A454B9732A759E3900E6AE25 /* Release */ = {
			isa = XCBuildConfiguration;
			buildSettings = {
				ALWAYS_SEARCH_USER_PATHS = NO;
				CLANG_ANALYZER_NONNULL = YES;
				CLANG_ANALYZER_NUMBER_OBJECT_CONVERSION = YES_AGGRESSIVE;
				CLANG_CXX_LANGUAGE_STANDARD = "gnu++20";
				CLANG_ENABLE_MODULES = YES;
				CLANG_ENABLE_OBJC_ARC = YES;
				CLANG_ENABLE_OBJC_WEAK = YES;
				CLANG_WARN_BLOCK_CAPTURE_AUTORELEASING = YES;
				CLANG_WARN_BOOL_CONVERSION = YES;
				CLANG_WARN_COMMA = YES;
				CLANG_WARN_CONSTANT_CONVERSION = YES;
				CLANG_WARN_DEPRECATED_OBJC_IMPLEMENTATIONS = YES;
				CLANG_WARN_DIRECT_OBJC_ISA_USAGE = YES_ERROR;
				CLANG_WARN_DOCUMENTATION_COMMENTS = YES;
				CLANG_WARN_EMPTY_BODY = YES;
				CLANG_WARN_ENUM_CONVERSION = YES;
				CLANG_WARN_INFINITE_RECURSION = YES;
				CLANG_WARN_INT_CONVERSION = YES;
				CLANG_WARN_NON_LITERAL_NULL_CONVERSION = YES;
				CLANG_WARN_OBJC_IMPLICIT_RETAIN_SELF = YES;
				CLANG_WARN_OBJC_LITERAL_CONVERSION = YES;
				CLANG_WARN_OBJC_ROOT_CLASS = YES_ERROR;
				CLANG_WARN_QUOTED_INCLUDE_IN_FRAMEWORK_HEADER = YES;
				CLANG_WARN_RANGE_LOOP_ANALYSIS = YES;
				CLANG_WARN_STRICT_PROTOTYPES = YES;
				CLANG_WARN_SUSPICIOUS_MOVE = YES;
				CLANG_WARN_UNGUARDED_AVAILABILITY = YES_AGGRESSIVE;
				CLANG_WARN_UNREACHABLE_CODE = YES;
				CLANG_WARN__DUPLICATE_METHOD_MATCH = YES;
				COPY_PHASE_STRIP = NO;
				DEBUG_INFORMATION_FORMAT = "dwarf-with-dsym";
				ENABLE_NS_ASSERTIONS = NO;
				ENABLE_STRICT_OBJC_MSGSEND = YES;
				GCC_C_LANGUAGE_STANDARD = gnu11;
				GCC_NO_COMMON_BLOCKS = YES;
				GCC_WARN_64_TO_32_BIT_CONVERSION = YES;
				GCC_WARN_ABOUT_RETURN_TYPE = YES_ERROR;
				GCC_WARN_UNDECLARED_SELECTOR = YES;
				GCC_WARN_UNINITIALIZED_AUTOS = YES_AGGRESSIVE;
				GCC_WARN_UNUSED_FUNCTION = YES;
				GCC_WARN_UNUSED_VARIABLE = YES;
				IPHONEOS_DEPLOYMENT_TARGET = 16.4;
				MTL_ENABLE_DEBUG_INFO = NO;
				MTL_FAST_MATH = YES;
				SDKROOT = iphoneos;
				SWIFT_COMPILATION_MODE = wholemodule;
				SWIFT_OPTIMIZATION_LEVEL = "-O";
				VALIDATE_PRODUCT = YES;
			};
			name = Release;
		};
		A454B9752A759E3900E6AE25 /* Debug */ = {
			isa = XCBuildConfiguration;
			buildSettings = {
				ASSETCATALOG_COMPILER_APPICON_NAME = AppIcon;
				ASSETCATALOG_COMPILER_GLOBAL_ACCENT_COLOR_NAME = AccentColor;
				CODE_SIGN_STYLE = Automatic;
				CURRENT_PROJECT_VERSION = 1;
				GENERATE_INFOPLIST_FILE = YES;
				INFOPLIST_FILE = DailyPlanner/Info.plist;
				INFOPLIST_KEY_UIApplicationSupportsIndirectInputEvents = YES;
				INFOPLIST_KEY_UILaunchStoryboardName = LaunchScreen;
				INFOPLIST_KEY_UISupportedInterfaceOrientations_iPad = "UIInterfaceOrientationPortrait UIInterfaceOrientationPortraitUpsideDown UIInterfaceOrientationLandscapeLeft UIInterfaceOrientationLandscapeRight";
				INFOPLIST_KEY_UISupportedInterfaceOrientations_iPhone = "UIInterfaceOrientationPortrait UIInterfaceOrientationLandscapeLeft UIInterfaceOrientationLandscapeRight";
				LD_RUNPATH_SEARCH_PATHS = (
					"$(inherited)",
					"@executable_path/Frameworks",
				);
				MARKETING_VERSION = 1.0;
				PRODUCT_BUNDLE_IDENTIFIER = oliwia.DailyPlanner;
				PRODUCT_NAME = "$(TARGET_NAME)";
				SWIFT_EMIT_LOC_STRINGS = YES;
				SWIFT_VERSION = 5.0;
				TARGETED_DEVICE_FAMILY = "1,2";
			};
			name = Debug;
		};
		A454B9762A759E3900E6AE25 /* Release */ = {
			isa = XCBuildConfiguration;
			buildSettings = {
				ASSETCATALOG_COMPILER_APPICON_NAME = AppIcon;
				ASSETCATALOG_COMPILER_GLOBAL_ACCENT_COLOR_NAME = AccentColor;
				CODE_SIGN_STYLE = Automatic;
				CURRENT_PROJECT_VERSION = 1;
				GENERATE_INFOPLIST_FILE = YES;
				INFOPLIST_FILE = DailyPlanner/Info.plist;
				INFOPLIST_KEY_UIApplicationSupportsIndirectInputEvents = YES;
				INFOPLIST_KEY_UILaunchStoryboardName = LaunchScreen;
				INFOPLIST_KEY_UISupportedInterfaceOrientations_iPad = "UIInterfaceOrientationPortrait UIInterfaceOrientationPortraitUpsideDown UIInterfaceOrientationLandscapeLeft UIInterfaceOrientationLandscapeRight";
				INFOPLIST_KEY_UISupportedInterfaceOrientations_iPhone = "UIInterfaceOrientationPortrait UIInterfaceOrientationLandscapeLeft UIInterfaceOrientationLandscapeRight";
				LD_RUNPATH_SEARCH_PATHS = (
					"$(inherited)",
					"@executable_path/Frameworks",
				);
				MARKETING_VERSION = 1.0;
				PRODUCT_BUNDLE_IDENTIFIER = oliwia.DailyPlanner;
				PRODUCT_NAME = "$(TARGET_NAME)";
				SWIFT_EMIT_LOC_STRINGS = YES;
				SWIFT_VERSION = 5.0;
				TARGETED_DEVICE_FAMILY = "1,2";
			};
			name = Release;
		};
/* End XCBuildConfiguration section */

/* Begin XCConfigurationList section */
		A454B95B2A759E3800E6AE25 /* Build configuration list for PBXProject "DailyPlanner" */ = {
			isa = XCConfigurationList;
			buildConfigurations = (
				A454B9722A759E3900E6AE25 /* Debug */,
				A454B9732A759E3900E6AE25 /* Release */,
			);
			defaultConfigurationIsVisible = 0;
			defaultConfigurationName = Release;
		};
		A454B9742A759E3900E6AE25 /* Build configuration list for PBXNativeTarget "DailyPlanner" */ = {
			isa = XCConfigurationList;
			buildConfigurations = (
				A454B9752A759E3900E6AE25 /* Debug */,
				A454B9762A759E3900E6AE25 /* Release */,
			);
			defaultConfigurationIsVisible = 0;
			defaultConfigurationName = Release;
		};
/* End XCConfigurationList section */

/* Begin XCRemoteSwiftPackageReference section */
		A43977452A7AB82B00D772A3 /* XCRemoteSwiftPackageReference "realm-swift" */ = {
			isa = XCRemoteSwiftPackageReference;
			repositoryURL = "https://github.com/realm/realm-swift.git";
			requirement = {
				branch = master;
				kind = branch;
			};
		};
		A46EFDE82A75C812003F8738 /* XCRemoteSwiftPackageReference "SnapKit" */ = {
			isa = XCRemoteSwiftPackageReference;
			repositoryURL = "https://github.com/SnapKit/SnapKit.git";
			requirement = {
				kind = upToNextMajorVersion;
				minimumVersion = 5.0.0;
			};
		};
/* End XCRemoteSwiftPackageReference section */

/* Begin XCSwiftPackageProductDependency section */
		A43977462A7AB82B00D772A3 /* Realm */ = {
			isa = XCSwiftPackageProductDependency;
			package = A43977452A7AB82B00D772A3 /* XCRemoteSwiftPackageReference "realm-swift" */;
			productName = Realm;
		};
		A43977482A7AB82B00D772A3 /* RealmSwift */ = {
			isa = XCSwiftPackageProductDependency;
			package = A43977452A7AB82B00D772A3 /* XCRemoteSwiftPackageReference "realm-swift" */;
			productName = RealmSwift;
		};
		A46EFDE92A75C812003F8738 /* SnapKit */ = {
			isa = XCSwiftPackageProductDependency;
			package = A46EFDE82A75C812003F8738 /* XCRemoteSwiftPackageReference "SnapKit" */;
			productName = SnapKit;
		};
/* End XCSwiftPackageProductDependency section */
	};
	rootObject = A454B9582A759E3800E6AE25 /* Project object */;
}
